
Microsoft Visual Studio Solution File, Format Version 12.00
# Visual Studio Version 17
VisualStudioVersion = 17.8.34511.84
MinimumVisualStudioVersion = 10.0.40219.1
Project("{9A19103F-16F7-4668-BE54-9A1E7A4F7556}") = "N_Tier_By_Rani", "N_Tier_By_Rani\N_Tier_By_Rani.csproj", "{D8559FAF-75EE-43D5-8420-348A72229A6E}"
EndProject
Project("{9A19103F-16F7-4668-BE54-9A1E7A4F7556}") = "BLL", "BLL\BLL.csproj", "{E2022C3E-087A-44FE-8235-3B733AD29264}"
EndProject
Project("{9A19103F-16F7-4668-BE54-9A1E7A4F7556}") = "DAL", "DAL\DAL.csproj", "{8BE9CEF6-1083-4E85-9328-4C213D9ECE11}"
EndProject
Global
	GlobalSection(SolutionConfigurationPlatforms) = preSolution
		Debug|Any CPU = Debug|Any CPU
		Release|Any CPU = Release|Any CPU
	EndGlobalSection
	GlobalSection(ProjectConfigurationPlatforms) = postSolution
		{D8559FAF-75EE-43D5-8420-348A72229A6E}.Debug|Any CPU.ActiveCfg = Debug|Any CPU
		{D8559FAF-75EE-43D5-8420-348A72229A6E}.Debug|Any CPU.Build.0 = Debug|Any CPU
		{D8559FAF-75EE-43D5-8420-348A72229A6E}.Release|Any CPU.ActiveCfg = Release|Any CPU
		{D8559FAF-75EE-43D5-8420-348A72229A6E}.Release|Any CPU.Build.0 = Release|Any CPU
		{E2022C3E-087A-44FE-8235-3B733AD29264}.Debug|Any CPU.ActiveCfg = Debug|Any CPU
		{E2022C3E-087A-44FE-8235-3B733AD29264}.Debug|Any CPU.Build.0 = Debug|Any CPU
		{E2022C3E-087A-44FE-8235-3B733AD29264}.Release|Any CPU.ActiveCfg = Release|Any CPU
		{E2022C3E-087A-44FE-8235-3B733AD29264}.Release|Any CPU.Build.0 = Release|Any CPU
		{8BE9CEF6-1083-4E85-9328-4C213D9ECE11}.Debug|Any CPU.ActiveCfg = Debug|Any CPU
		{8BE9CEF6-1083-4E85-9328-4C213D9ECE11}.Debug|Any CPU.Build.0 = Debug|Any CPU
		{8BE9CEF6-1083-4E85-9328-4C213D9ECE11}.Release|Any CPU.ActiveCfg = Release|Any CPU
		{8BE9CEF6-1083-4E85-9328-4C213D9ECE11}.Release|Any CPU.Build.0 = Release|Any CPU
	EndGlobalSection
	GlobalSection(SolutionProperties) = preSolution
		HideSolutionNode = FALSE
	EndGlobalSection
	GlobalSection(ExtensibilityGlobals) = postSolution
		SolutionGuid = {3CE36029-72F2-4C9F-A1BC-644EACC2C754}
	EndGlobalSection
EndGlobal
